
Microsoft Visual Studio Solution File, Format Version 12.00
# Visual Studio Version 17
VisualStudioVersion = 17.7.34018.315
MinimumVisualStudioVersion = 10.0.40219.1
Project("{FAE04EC0-301F-11D3-BF4B-00C04F79EFBC}") = "TelemetryCar", "TelemetryCar\TelemetryCar.csproj", "{54473B98-F1FF-4033-AF08-FC3D99EE7966}"
EndProject
Global
	GlobalSection(SolutionConfigurationPlatforms) = preSolution
		Debug|Any CPU = Debug|Any CPU
		Release|Any CPU = Release|Any CPU
	EndGlobalSection
	GlobalSection(ProjectConfigurationPlatforms) = postSolution
		{54473B98-F1FF-4033-AF08-FC3D99EE7966}.Debug|Any CPU.ActiveCfg = Debug|Any CPU
		{54473B98-F1FF-4033-AF08-FC3D99EE7966}.Debug|Any CPU.Build.0 = Debug|Any CPU
		{54473B98-F1FF-4033-AF08-FC3D99EE7966}.Release|Any CPU.ActiveCfg = Release|Any CPU
		{54473B98-F1FF-4033-AF08-FC3D99EE7966}.Release|Any CPU.Build.0 = Release|Any CPU
	EndGlobalSection
	GlobalSection(SolutionProperties) = preSolution
		HideSolutionNode = FALSE
	EndGlobalSection
	GlobalSection(ExtensibilityGlobals) = postSolution
		SolutionGuid = {EFE09450-20D8-4DB6-A795-A24C4131CF25}
	EndGlobalSection
EndGlobal
